
Microsoft Visual Studio Solution File, Format Version 12.00
# Visual Studio Version 16
VisualStudioVersion = 16.0.29418.71
MinimumVisualStudioVersion = 10.0.40219.1
Project("{FAE04EC0-301F-11D3-BF4B-00C04F79EFBC}") = "WebApplication1", "WebApplication1\WebApplication1.csproj", "{D4B13EA3-B9D7-45E7-BC9F-72F167C0DE9E}"
EndProject
Global
	GlobalSection(SolutionConfigurationPlatforms) = preSolution
		Debug|Any CPU = Debug|Any CPU
		Release|Any CPU = Release|Any CPU
	EndGlobalSection
	GlobalSection(ProjectConfigurationPlatforms) = postSolution
		{D4B13EA3-B9D7-45E7-BC9F-72F167C0DE9E}.Debug|Any CPU.ActiveCfg = Debug|Any CPU
		{D4B13EA3-B9D7-45E7-BC9F-72F167C0DE9E}.Debug|Any CPU.Build.0 = Debug|Any CPU
		{D4B13EA3-B9D7-45E7-BC9F-72F167C0DE9E}.Release|Any CPU.ActiveCfg = Release|Any CPU
		{D4B13EA3-B9D7-45E7-BC9F-72F167C0DE9E}.Release|Any CPU.Build.0 = Release|Any CPU
	EndGlobalSection
	GlobalSection(SolutionProperties) = preSolution
		HideSolutionNode = FALSE
	EndGlobalSection
	GlobalSection(ExtensibilityGlobals) = postSolution
		SolutionGuid = {F6B218FE-182D-44A8-94B9-A74CE77B0E06}
	EndGlobalSection
EndGlobal
